
Microsoft Visual Studio Solution File, Format Version 12.00
# Visual Studio Version 17
VisualStudioVersion = 17.5.002.0
MinimumVisualStudioVersion = 10.0.40219.1
Project("{9A19103F-16F7-4668-BE54-9A1E7A4F7556}") = "Algorithm", "Algorithm.csproj", "{C3DDB3A6-F55B-45E7-91C9-992EABF63087}"
EndProject
Global
	GlobalSection(SolutionConfigurationPlatforms) = preSolution
		Debug|Any CPU = Debug|Any CPU
		Release|Any CPU = Release|Any CPU
	EndGlobalSection
	GlobalSection(ProjectConfigurationPlatforms) = postSolution
		{C3DDB3A6-F55B-45E7-91C9-992EABF63087}.Debug|Any CPU.ActiveCfg = Debug|Any CPU
		{C3DDB3A6-F55B-45E7-91C9-992EABF63087}.Debug|Any CPU.Build.0 = Debug|Any CPU
		{C3DDB3A6-F55B-45E7-91C9-992EABF63087}.Release|Any CPU.ActiveCfg = Release|Any CPU
		{C3DDB3A6-F55B-45E7-91C9-992EABF63087}.Release|Any CPU.Build.0 = Release|Any CPU
	EndGlobalSection
	GlobalSection(SolutionProperties) = preSolution
		HideSolutionNode = FALSE
	EndGlobalSection
	GlobalSection(ExtensibilityGlobals) = postSolution
		SolutionGuid = {FAF1EA80-38F0-4D8A-AB60-C2B1C7141915}
	EndGlobalSection
EndGlobal
